
Microsoft Visual Studio Solution File, Format Version 12.00
# Visual Studio Version 16
VisualStudioVersion = 16.0.30114.105
MinimumVisualStudioVersion = 10.0.40219.1
Project("{8BC9CEB8-8B4A-11D0-8D11-00A0C91BC942}") = "OPC_UA_Server", "OPC_UA_Server\OPC_UA_Server.vcxproj", "{3B8BF8C3-F796-40F7-91F5-D88F59B70B09}"
EndProject
Project("{8BC9CEB8-8B4A-11D0-8D11-00A0C91BC942}") = "tutorial_server_datasource", "..\..\..\..\..\Documents\cavalieri\open62541\build\examples\tutorial_server_datasource.vcxproj", "{7139C26A-9731-3CAF-AC95-FC905F7DDB2A}"
EndProject
Global
	GlobalSection(SolutionConfigurationPlatforms) = preSolution
		Debug|Win32 = Debug|Win32
		Debug|x64 = Debug|x64
		Debug|x86 = Debug|x86
		MinSizeRel|Win32 = MinSizeRel|Win32
		MinSizeRel|x64 = MinSizeRel|x64
		MinSizeRel|x86 = MinSizeRel|x86
		Release|Win32 = Release|Win32
		Release|x64 = Release|x64
		Release|x86 = Release|x86
		RelWithDebInfo|Win32 = RelWithDebInfo|Win32
		RelWithDebInfo|x64 = RelWithDebInfo|x64
		RelWithDebInfo|x86 = RelWithDebInfo|x86
	EndGlobalSection
	GlobalSection(ProjectConfigurationPlatforms) = postSolution
		{3B8BF8C3-F796-40F7-91F5-D88F59B70B09}.Debug|Win32.ActiveCfg = Debug|Win32
		{3B8BF8C3-F796-40F7-91F5-D88F59B70B09}.Debug|Win32.Build.0 = Debug|Win32
		{3B8BF8C3-F796-40F7-91F5-D88F59B70B09}.Debug|x64.ActiveCfg = Debug|x64
		{3B8BF8C3-F796-40F7-91F5-D88F59B70B09}.Debug|x64.Build.0 = Debug|x64
		{3B8BF8C3-F796-40F7-91F5-D88F59B70B09}.Debug|x86.ActiveCfg = Debug|Win32
		{3B8BF8C3-F796-40F7-91F5-D88F59B70B09}.Debug|x86.Build.0 = Debug|Win32
		{3B8BF8C3-F796-40F7-91F5-D88F59B70B09}.MinSizeRel|Win32.ActiveCfg = Release|Win32
		{3B8BF8C3-F796-40F7-91F5-D88F59B70B09}.MinSizeRel|Win32.Build.0 = Release|Win32
		{3B8BF8C3-F796-40F7-91F5-D88F59B70B09}.MinSizeRel|x64.ActiveCfg = Release|x64
		{3B8BF8C3-F796-40F7-91F5-D88F59B70B09}.MinSizeRel|x64.Build.0 = Release|x64
		{3B8BF8C3-F796-40F7-91F5-D88F59B70B09}.MinSizeRel|x86.ActiveCfg = Release|Win32
		{3B8BF8C3-F796-40F7-91F5-D88F59B70B09}.MinSizeRel|x86.Build.0 = Release|Win32
		{3B8BF8C3-F796-40F7-91F5-D88F59B70B09}.Release|Win32.ActiveCfg = Release|Win32
		{3B8BF8C3-F796-40F7-91F5-D88F59B70B09}.Release|Win32.Build.0 = Release|Win32
		{3B8BF8C3-F796-40F7-91F5-D88F59B70B09}.Release|x64.ActiveCfg = Release|x64
		{3B8BF8C3-F796-40F7-91F5-D88F59B70B09}.Release|x64.Build.0 = Release|x64
		{3B8BF8C3-F796-40F7-91F5-D88F59B70B09}.Release|x86.ActiveCfg = Release|Win32
		{3B8BF8C3-F796-40F7-91F5-D88F59B70B09}.Release|x86.Build.0 = Release|Win32
		{3B8BF8C3-F796-40F7-91F5-D88F59B70B09}.RelWithDebInfo|Win32.ActiveCfg = Release|Win32
		{3B8BF8C3-F796-40F7-91F5-D88F59B70B09}.RelWithDebInfo|Win32.Build.0 = Release|Win32
		{3B8BF8C3-F796-40F7-91F5-D88F59B70B09}.RelWithDebInfo|x64.ActiveCfg = Release|x64
		{3B8BF8C3-F796-40F7-91F5-D88F59B70B09}.RelWithDebInfo|x64.Build.0 = Release|x64
		{3B8BF8C3-F796-40F7-91F5-D88F59B70B09}.RelWithDebInfo|x86.ActiveCfg = Release|Win32
		{3B8BF8C3-F796-40F7-91F5-D88F59B70B09}.RelWithDebInfo|x86.Build.0 = Release|Win32
		{7139C26A-9731-3CAF-AC95-FC905F7DDB2A}.Debug|Win32.ActiveCfg = Debug|Win32
		{7139C26A-9731-3CAF-AC95-FC905F7DDB2A}.Debug|Win32.Build.0 = Debug|Win32
		{7139C26A-9731-3CAF-AC95-FC905F7DDB2A}.Debug|x64.ActiveCfg = Debug|Win32
		{7139C26A-9731-3CAF-AC95-FC905F7DDB2A}.Debug|x86.ActiveCfg = Debug|Win32
		{7139C26A-9731-3CAF-AC95-FC905F7DDB2A}.Debug|x86.Build.0 = Debug|Win32
		{7139C26A-9731-3CAF-AC95-FC905F7DDB2A}.MinSizeRel|Win32.ActiveCfg = MinSizeRel|Win32
		{7139C26A-9731-3CAF-AC95-FC905F7DDB2A}.MinSizeRel|Win32.Build.0 = MinSizeRel|Win32
		{7139C26A-9731-3CAF-AC95-FC905F7DDB2A}.MinSizeRel|x64.ActiveCfg = MinSizeRel|Win32
		{7139C26A-9731-3CAF-AC95-FC905F7DDB2A}.MinSizeRel|x86.ActiveCfg = MinSizeRel|Win32
		{7139C26A-9731-3CAF-AC95-FC905F7DDB2A}.MinSizeRel|x86.Build.0 = MinSizeRel|Win32
		{7139C26A-9731-3CAF-AC95-FC905F7DDB2A}.Release|Win32.ActiveCfg = Release|Win32
		{7139C26A-9731-3CAF-AC95-FC905F7DDB2A}.Release|Win32.Build.0 = Release|Win32
		{7139C26A-9731-3CAF-AC95-FC905F7DDB2A}.Release|x64.ActiveCfg = Release|Win32
		{7139C26A-9731-3CAF-AC95-FC905F7DDB2A}.Release|x86.ActiveCfg = Release|Win32
		{7139C26A-9731-3CAF-AC95-FC905F7DDB2A}.Release|x86.Build.0 = Release|Win32
		{7139C26A-9731-3CAF-AC95-FC905F7DDB2A}.RelWithDebInfo|Win32.ActiveCfg = RelWithDebInfo|Win32
		{7139C26A-9731-3CAF-AC95-FC905F7DDB2A}.RelWithDebInfo|Win32.Build.0 = RelWithDebInfo|Win32
		{7139C26A-9731-3CAF-AC95-FC905F7DDB2A}.RelWithDebInfo|x64.ActiveCfg = RelWithDebInfo|Win32
		{7139C26A-9731-3CAF-AC95-FC905F7DDB2A}.RelWithDebInfo|x86.ActiveCfg = RelWithDebInfo|Win32
		{7139C26A-9731-3CAF-AC95-FC905F7DDB2A}.RelWithDebInfo|x86.Build.0 = RelWithDebInfo|Win32
	EndGlobalSection
	GlobalSection(SolutionProperties) = preSolution
		HideSolutionNode = FALSE
	EndGlobalSection
	GlobalSection(ExtensibilityGlobals) = postSolution
		SolutionGuid = {96D20955-E79B-456D-B5F5-BD0367E4F643}
	EndGlobalSection
EndGlobal
